
Microsoft Visual Studio Solution File, Format Version 12.00
# Visual Studio 15
VisualStudioVersion = 15.0.28307.421
MinimumVisualStudioVersion = 10.0.40219.1
Project("{FAE04EC0-301F-11D3-BF4B-00C04F79EFBC}") = "Desktop", "Desktop.csproj", "{D5270C46-FEEA-4E34-9391-E32D83620100}"
EndProject
Project("{FAE04EC0-301F-11D3-BF4B-00C04F79EFBC}") = "GeneticAlgorithm", "GeneticAlgorithm\GeneticAlgorithm.csproj", "{7063523F-5B94-49BB-89E9-81A5E5FDCEF9}"
EndProject
Global
	GlobalSection(SolutionConfigurationPlatforms) = preSolution
		Debug|Any CPU = Debug|Any CPU
		Release|Any CPU = Release|Any CPU
	EndGlobalSection
	GlobalSection(ProjectConfigurationPlatforms) = postSolution
		{D5270C46-FEEA-4E34-9391-E32D83620100}.Debug|Any CPU.ActiveCfg = Debug|Any CPU
		{D5270C46-FEEA-4E34-9391-E32D83620100}.Debug|Any CPU.Build.0 = Debug|Any CPU
		{D5270C46-FEEA-4E34-9391-E32D83620100}.Release|Any CPU.ActiveCfg = Release|Any CPU
		{D5270C46-FEEA-4E34-9391-E32D83620100}.Release|Any CPU.Build.0 = Release|Any CPU
		{7063523F-5B94-49BB-89E9-81A5E5FDCEF9}.Debug|Any CPU.ActiveCfg = Debug|Any CPU
		{7063523F-5B94-49BB-89E9-81A5E5FDCEF9}.Debug|Any CPU.Build.0 = Debug|Any CPU
		{7063523F-5B94-49BB-89E9-81A5E5FDCEF9}.Release|Any CPU.ActiveCfg = Release|Any CPU
		{7063523F-5B94-49BB-89E9-81A5E5FDCEF9}.Release|Any CPU.Build.0 = Release|Any CPU
	EndGlobalSection
	GlobalSection(SolutionProperties) = preSolution
		HideSolutionNode = FALSE
	EndGlobalSection
	GlobalSection(ExtensibilityGlobals) = postSolution
		SolutionGuid = {14DCA9F9-AD5C-4BE9-A49C-2E78D13C4450}
	EndGlobalSection
EndGlobal
